
Microsoft Visual Studio Solution File, Format Version 12.00
Project("{FAE04EC0-301F-11D3-BF4B-00C04F79EFBC}") = "ServiceDirectory.Application", "src\ServiceDirectory.Application\ServiceDirectory.Application.csproj", "{C265A864-8288-4B99-BC8A-981DE8884C4A}"
EndProject
Project("{FAE04EC0-301F-11D3-BF4B-00C04F79EFBC}") = "ServiceDirectory.Infrastructure.Data", "src\ServiceDirectory.Infrastructure.Data\ServiceDirectory.Infrastructure.Data.csproj", "{433BCC4D-ECCF-4901-BC82-45E41CCB0690}"
EndProject
Project("{FAE04EC0-301F-11D3-BF4B-00C04F79EFBC}") = "ServiceDirectory.Domain", "src\ServiceDirectory.Domain\ServiceDirectory.Domain.csproj", "{F2FC1C5C-1BD1-470B-B646-60546EEE5237}"
EndProject
Project("{FAE04EC0-301F-11D3-BF4B-00C04F79EFBC}") = "ServiceDirectory.Presentation.Web", "src\ServiceDirectory.Presentation.Web\ServiceDirectory.Presentation.Web.csproj", "{75BA5491-0754-496E-8B37-3458A1E2CC6A}"
EndProject
Project("{FAE04EC0-301F-11D3-BF4B-00C04F79EFBC}") = "ServiceDirectory.Presentation.Api", "src\ServiceDirectory.Presentation.Api\ServiceDirectory.Presentation.Api.csproj", "{931BBCFE-B292-40BD-BF73-209B47CAD38E}"
EndProject
Project("{2150E333-8FDC-42A3-9474-1A3956D46DE8}") = "src", "src", "{EDF11955-66C3-4E9D-B55B-9F003543EF04}"
EndProject
Project("{2150E333-8FDC-42A3-9474-1A3956D46DE8}") = "test", "test", "{DB01415C-126A-4861-A138-BCFEA1AD8D8A}"
EndProject
Project("{FAE04EC0-301F-11D3-BF4B-00C04F79EFBC}") = "ServiceDirectory.Presentation.Web.E2E", "test\ServiceDirectory.Presentation.Web.E2E\ServiceDirectory.Presentation.Web.E2E.csproj", "{7A23B8C0-8900-4295-8417-8A56ECA88BAC}"
EndProject
Project("{FAE04EC0-301F-11D3-BF4B-00C04F79EFBC}") = "ServiceDirectory.Infrastructure.Postcode", "src\ServiceDirectory.Infrastructure.Postcode\ServiceDirectory.Infrastructure.Postcode.csproj", "{EA963C2B-A69F-44AB-89C4-6AA13E910BBC}"
EndProject
Project("{FAE04EC0-301F-11D3-BF4B-00C04F79EFBC}") = "ServiceDirectory.Infrastructure.Postcode.UnitTest", "test\ServiceDirectory.Infrastructure.Postcode.UnitTest\ServiceDirectory.Infrastructure.Postcode.UnitTest.csproj", "{E11A059B-558F-4775-9B19-0D712DE1D06C}"
EndProject
Project("{FAE04EC0-301F-11D3-BF4B-00C04F79EFBC}") = "ServiceDirectory.Application.UnitTest", "test\ServiceDirectory.Application.UnitTest\ServiceDirectory.Application.UnitTest.csproj", "{5DB3A22C-09C9-424C-8F93-458B4AC3EDB7}"
EndProject
Project("{FAE04EC0-301F-11D3-BF4B-00C04F79EFBC}") = "ServiceDirectory.Application.IntegrationTest", "test\ServiceDirectory.Application.IntegrationTest\ServiceDirectory.Application.IntegrationTest.csproj", "{031CC3AF-7288-415F-A691-9B9D61104E37}"
EndProject
Global
	GlobalSection(SolutionConfigurationPlatforms) = preSolution
		Debug|Any CPU = Debug|Any CPU
		Release|Any CPU = Release|Any CPU
	EndGlobalSection
	GlobalSection(ProjectConfigurationPlatforms) = postSolution
		{C265A864-8288-4B99-BC8A-981DE8884C4A}.Debug|Any CPU.ActiveCfg = Debug|Any CPU
		{C265A864-8288-4B99-BC8A-981DE8884C4A}.Debug|Any CPU.Build.0 = Debug|Any CPU
		{C265A864-8288-4B99-BC8A-981DE8884C4A}.Release|Any CPU.ActiveCfg = Release|Any CPU
		{C265A864-8288-4B99-BC8A-981DE8884C4A}.Release|Any CPU.Build.0 = Release|Any CPU
		{433BCC4D-ECCF-4901-BC82-45E41CCB0690}.Debug|Any CPU.ActiveCfg = Debug|Any CPU
		{433BCC4D-ECCF-4901-BC82-45E41CCB0690}.Debug|Any CPU.Build.0 = Debug|Any CPU
		{433BCC4D-ECCF-4901-BC82-45E41CCB0690}.Release|Any CPU.ActiveCfg = Release|Any CPU
		{433BCC4D-ECCF-4901-BC82-45E41CCB0690}.Release|Any CPU.Build.0 = Release|Any CPU
		{F2FC1C5C-1BD1-470B-B646-60546EEE5237}.Debug|Any CPU.ActiveCfg = Debug|Any CPU
		{F2FC1C5C-1BD1-470B-B646-60546EEE5237}.Debug|Any CPU.Build.0 = Debug|Any CPU
		{F2FC1C5C-1BD1-470B-B646-60546EEE5237}.Release|Any CPU.ActiveCfg = Release|Any CPU
		{F2FC1C5C-1BD1-470B-B646-60546EEE5237}.Release|Any CPU.Build.0 = Release|Any CPU
		{75BA5491-0754-496E-8B37-3458A1E2CC6A}.Debug|Any CPU.ActiveCfg = Debug|Any CPU
		{75BA5491-0754-496E-8B37-3458A1E2CC6A}.Debug|Any CPU.Build.0 = Debug|Any CPU
		{75BA5491-0754-496E-8B37-3458A1E2CC6A}.Release|Any CPU.ActiveCfg = Release|Any CPU
		{75BA5491-0754-496E-8B37-3458A1E2CC6A}.Release|Any CPU.Build.0 = Release|Any CPU
		{931BBCFE-B292-40BD-BF73-209B47CAD38E}.Debug|Any CPU.ActiveCfg = Debug|Any CPU
		{931BBCFE-B292-40BD-BF73-209B47CAD38E}.Debug|Any CPU.Build.0 = Debug|Any CPU
		{931BBCFE-B292-40BD-BF73-209B47CAD38E}.Release|Any CPU.ActiveCfg = Release|Any CPU
		{931BBCFE-B292-40BD-BF73-209B47CAD38E}.Release|Any CPU.Build.0 = Release|Any CPU
		{7A23B8C0-8900-4295-8417-8A56ECA88BAC}.Debug|Any CPU.ActiveCfg = Debug|Any CPU
		{7A23B8C0-8900-4295-8417-8A56ECA88BAC}.Debug|Any CPU.Build.0 = Debug|Any CPU
		{7A23B8C0-8900-4295-8417-8A56ECA88BAC}.Release|Any CPU.ActiveCfg = Release|Any CPU
		{7A23B8C0-8900-4295-8417-8A56ECA88BAC}.Release|Any CPU.Build.0 = Release|Any CPU
		{EA963C2B-A69F-44AB-89C4-6AA13E910BBC}.Debug|Any CPU.ActiveCfg = Debug|Any CPU
		{EA963C2B-A69F-44AB-89C4-6AA13E910BBC}.Debug|Any CPU.Build.0 = Debug|Any CPU
		{EA963C2B-A69F-44AB-89C4-6AA13E910BBC}.Release|Any CPU.ActiveCfg = Release|Any CPU
		{EA963C2B-A69F-44AB-89C4-6AA13E910BBC}.Release|Any CPU.Build.0 = Release|Any CPU
		{E11A059B-558F-4775-9B19-0D712DE1D06C}.Debug|Any CPU.ActiveCfg = Debug|Any CPU
		{E11A059B-558F-4775-9B19-0D712DE1D06C}.Debug|Any CPU.Build.0 = Debug|Any CPU
		{E11A059B-558F-4775-9B19-0D712DE1D06C}.Release|Any CPU.ActiveCfg = Release|Any CPU
		{E11A059B-558F-4775-9B19-0D712DE1D06C}.Release|Any CPU.Build.0 = Release|Any CPU
		{5DB3A22C-09C9-424C-8F93-458B4AC3EDB7}.Debug|Any CPU.ActiveCfg = Debug|Any CPU
		{5DB3A22C-09C9-424C-8F93-458B4AC3EDB7}.Debug|Any CPU.Build.0 = Debug|Any CPU
		{5DB3A22C-09C9-424C-8F93-458B4AC3EDB7}.Release|Any CPU.ActiveCfg = Release|Any CPU
		{5DB3A22C-09C9-424C-8F93-458B4AC3EDB7}.Release|Any CPU.Build.0 = Release|Any CPU
		{031CC3AF-7288-415F-A691-9B9D61104E37}.Debug|Any CPU.ActiveCfg = Debug|Any CPU
		{031CC3AF-7288-415F-A691-9B9D61104E37}.Debug|Any CPU.Build.0 = Debug|Any CPU
		{031CC3AF-7288-415F-A691-9B9D61104E37}.Release|Any CPU.ActiveCfg = Release|Any CPU
		{031CC3AF-7288-415F-A691-9B9D61104E37}.Release|Any CPU.Build.0 = Release|Any CPU
	EndGlobalSection
	GlobalSection(NestedProjects) = preSolution
		{C265A864-8288-4B99-BC8A-981DE8884C4A} = {EDF11955-66C3-4E9D-B55B-9F003543EF04}
		{F2FC1C5C-1BD1-470B-B646-60546EEE5237} = {EDF11955-66C3-4E9D-B55B-9F003543EF04}
		{433BCC4D-ECCF-4901-BC82-45E41CCB0690} = {EDF11955-66C3-4E9D-B55B-9F003543EF04}
		{931BBCFE-B292-40BD-BF73-209B47CAD38E} = {EDF11955-66C3-4E9D-B55B-9F003543EF04}
		{75BA5491-0754-496E-8B37-3458A1E2CC6A} = {EDF11955-66C3-4E9D-B55B-9F003543EF04}
		{7A23B8C0-8900-4295-8417-8A56ECA88BAC} = {DB01415C-126A-4861-A138-BCFEA1AD8D8A}
		{EA963C2B-A69F-44AB-89C4-6AA13E910BBC} = {EDF11955-66C3-4E9D-B55B-9F003543EF04}
		{E11A059B-558F-4775-9B19-0D712DE1D06C} = {DB01415C-126A-4861-A138-BCFEA1AD8D8A}
		{5DB3A22C-09C9-424C-8F93-458B4AC3EDB7} = {DB01415C-126A-4861-A138-BCFEA1AD8D8A}
		{031CC3AF-7288-415F-A691-9B9D61104E37} = {DB01415C-126A-4861-A138-BCFEA1AD8D8A}
	EndGlobalSection
EndGlobal
